
Microsoft Visual Studio Solution File, Format Version 12.00
# Visual Studio Version 16
VisualStudioVersion = 16.0.31424.327
MinimumVisualStudioVersion = 10.0.40219.1
Project("{FAE04EC0-301F-11D3-BF4B-00C04F79EFBC}") = "SQL Challenge", "SQL Challenge\SQL Challenge.csproj", "{2F782933-D155-40F7-948B-7B0105E4C81D}"
EndProject
Global
	GlobalSection(SolutionConfigurationPlatforms) = preSolution
		Debug|Any CPU = Debug|Any CPU
		Release|Any CPU = Release|Any CPU
	EndGlobalSection
	GlobalSection(ProjectConfigurationPlatforms) = postSolution
		{2F782933-D155-40F7-948B-7B0105E4C81D}.Debug|Any CPU.ActiveCfg = Debug|Any CPU
		{2F782933-D155-40F7-948B-7B0105E4C81D}.Debug|Any CPU.Build.0 = Debug|Any CPU
		{2F782933-D155-40F7-948B-7B0105E4C81D}.Release|Any CPU.ActiveCfg = Release|Any CPU
		{2F782933-D155-40F7-948B-7B0105E4C81D}.Release|Any CPU.Build.0 = Release|Any CPU
	EndGlobalSection
	GlobalSection(SolutionProperties) = preSolution
		HideSolutionNode = FALSE
	EndGlobalSection
	GlobalSection(ExtensibilityGlobals) = postSolution
		SolutionGuid = {D78AFC68-2728-40E9-B926-AE32804322F9}
	EndGlobalSection
EndGlobal
